
Microsoft Visual Studio Solution File, Format Version 12.00
# Visual Studio Version 17
Project("{8BC9CEB8-8B4A-11D0-8D11-00A0C91BC942}") = "ALL_BUILD", "ALL_BUILD.vcxproj", "{D55B6CE9-CBCA-3176-BF1A-B6CBFDE96669}"
	ProjectSection(ProjectDependencies) = postProject
		{2A52E755-6FC9-397D-80FA-635E298924F7} = {2A52E755-6FC9-397D-80FA-635E298924F7}
		{1B2D74E0-5B8A-3FB7-A963-2807F88AD5DD} = {1B2D74E0-5B8A-3FB7-A963-2807F88AD5DD}
		{EAB95EA6-F2F6-3C1F-8C05-4B1CDEAA285F} = {EAB95EA6-F2F6-3C1F-8C05-4B1CDEAA285F}
		{50BD72BA-D875-3D9B-A7D1-AAE627237EFD} = {50BD72BA-D875-3D9B-A7D1-AAE627237EFD}
		{AFBB4CF5-F913-3BF0-A48B-D1734D85D0E5} = {AFBB4CF5-F913-3BF0-A48B-D1734D85D0E5}
		{E2135F25-D4AA-3779-AD02-081603F50878} = {E2135F25-D4AA-3779-AD02-081603F50878}
		{85263919-5DAD-38D9-8750-A36275EFAD34} = {85263919-5DAD-38D9-8750-A36275EFAD34}
		{DAA7AA20-99EA-305C-8AF5-9AA433C8AAC5} = {DAA7AA20-99EA-305C-8AF5-9AA433C8AAC5}
		{05F89F8C-CEEB-34D8-9814-821E3504B1F7} = {05F89F8C-CEEB-34D8-9814-821E3504B1F7}
		{6DA631B4-D4C1-3694-B0F0-9CB5B1639AE7} = {6DA631B4-D4C1-3694-B0F0-9CB5B1639AE7}
		{7B75DD8E-B40D-39AA-B2F7-763C7E96CE72} = {7B75DD8E-B40D-39AA-B2F7-763C7E96CE72}
		{E60E7588-70DB-3CB1-B224-376DE5FBE47E} = {E60E7588-70DB-3CB1-B224-376DE5FBE47E}
		{9AA62D41-D1A9-3BE2-8213-C18B4F258AF1} = {9AA62D41-D1A9-3BE2-8213-C18B4F258AF1}
		{87C17E8D-4A51-3F95-BDBD-0A4390DAAD48} = {87C17E8D-4A51-3F95-BDBD-0A4390DAAD48}
		{7229D8E0-3741-3D08-BC7E-021D7523AEE4} = {7229D8E0-3741-3D08-BC7E-021D7523AEE4}
		{C7A34F4C-0A92-31A3-A3D0-A0F6B4C38731} = {C7A34F4C-0A92-31A3-A3D0-A0F6B4C38731}
		{96ED71D5-7A10-3FA4-A64D-62BCAB0AEE5D} = {96ED71D5-7A10-3FA4-A64D-62BCAB0AEE5D}
	EndProjectSection
EndProject
Project("{8BC9CEB8-8B4A-11D0-8D11-00A0C91BC942}") = "INSTALL", "INSTALL.vcxproj", "{6B9ACF7B-463B-3ABC-97FA-557ED38762A7}"
	ProjectSection(ProjectDependencies) = postProject
		{D55B6CE9-CBCA-3176-BF1A-B6CBFDE96669} = {D55B6CE9-CBCA-3176-BF1A-B6CBFDE96669}
		{2A52E755-6FC9-397D-80FA-635E298924F7} = {2A52E755-6FC9-397D-80FA-635E298924F7}
	EndProjectSection
EndProject
Project("{8BC9CEB8-8B4A-11D0-8D11-00A0C91BC942}") = "PACKAGE", "PACKAGE.vcxproj", "{AE581A83-831A-33CB-A7B9-99E20DA75ED2}"
	ProjectSection(ProjectDependencies) = postProject
		{D55B6CE9-CBCA-3176-BF1A-B6CBFDE96669} = {D55B6CE9-CBCA-3176-BF1A-B6CBFDE96669}
		{2A52E755-6FC9-397D-80FA-635E298924F7} = {2A52E755-6FC9-397D-80FA-635E298924F7}
	EndProjectSection
EndProject
Project("{8BC9CEB8-8B4A-11D0-8D11-00A0C91BC942}") = "RUN_TESTS", "RUN_TESTS.vcxproj", "{AAB83864-DA5F-35E1-974F-BDC9F310C785}"
	ProjectSection(ProjectDependencies) = postProject
		{2A52E755-6FC9-397D-80FA-635E298924F7} = {2A52E755-6FC9-397D-80FA-635E298924F7}
	EndProjectSection
EndProject
Project("{8BC9CEB8-8B4A-11D0-8D11-00A0C91BC942}") = "ZERO_CHECK", "ZERO_CHECK.vcxproj", "{2A52E755-6FC9-397D-80FA-635E298924F7}"
	ProjectSection(ProjectDependencies) = postProject
	EndProjectSection
EndProject
Project("{8BC9CEB8-8B4A-11D0-8D11-00A0C91BC942}") = "cs101_master_balanced", "examples\cs101_master_balanced\cs101_master_balanced.vcxproj", "{1B2D74E0-5B8A-3FB7-A963-2807F88AD5DD}"
	ProjectSection(ProjectDependencies) = postProject
		{2A52E755-6FC9-397D-80FA-635E298924F7} = {2A52E755-6FC9-397D-80FA-635E298924F7}
		{7B75DD8E-B40D-39AA-B2F7-763C7E96CE72} = {7B75DD8E-B40D-39AA-B2F7-763C7E96CE72}
	EndProjectSection
EndProject
Project("{8BC9CEB8-8B4A-11D0-8D11-00A0C91BC942}") = "cs101_master_unbalanced", "examples\cs101_master_unbalanced\cs101_master_unbalanced.vcxproj", "{EAB95EA6-F2F6-3C1F-8C05-4B1CDEAA285F}"
	ProjectSection(ProjectDependencies) = postProject
		{2A52E755-6FC9-397D-80FA-635E298924F7} = {2A52E755-6FC9-397D-80FA-635E298924F7}
		{7B75DD8E-B40D-39AA-B2F7-763C7E96CE72} = {7B75DD8E-B40D-39AA-B2F7-763C7E96CE72}
	EndProjectSection
EndProject
Project("{8BC9CEB8-8B4A-11D0-8D11-00A0C91BC942}") = "cs101_slave", "examples\cs101_slave\cs101_slave.vcxproj", "{50BD72BA-D875-3D9B-A7D1-AAE627237EFD}"
	ProjectSection(ProjectDependencies) = postProject
		{2A52E755-6FC9-397D-80FA-635E298924F7} = {2A52E755-6FC9-397D-80FA-635E298924F7}
		{7B75DD8E-B40D-39AA-B2F7-763C7E96CE72} = {7B75DD8E-B40D-39AA-B2F7-763C7E96CE72}
	EndProjectSection
EndProject
Project("{8BC9CEB8-8B4A-11D0-8D11-00A0C91BC942}") = "cs101_slave_files", "examples\cs101_slave_files\cs101_slave_files.vcxproj", "{AFBB4CF5-F913-3BF0-A48B-D1734D85D0E5}"
	ProjectSection(ProjectDependencies) = postProject
		{2A52E755-6FC9-397D-80FA-635E298924F7} = {2A52E755-6FC9-397D-80FA-635E298924F7}
		{7B75DD8E-B40D-39AA-B2F7-763C7E96CE72} = {7B75DD8E-B40D-39AA-B2F7-763C7E96CE72}
	EndProjectSection
EndProject
Project("{8BC9CEB8-8B4A-11D0-8D11-00A0C91BC942}") = "cs104_client_async", "examples\cs104_client_async\cs104_client_async.vcxproj", "{E2135F25-D4AA-3779-AD02-081603F50878}"
	ProjectSection(ProjectDependencies) = postProject
		{2A52E755-6FC9-397D-80FA-635E298924F7} = {2A52E755-6FC9-397D-80FA-635E298924F7}
		{7B75DD8E-B40D-39AA-B2F7-763C7E96CE72} = {7B75DD8E-B40D-39AA-B2F7-763C7E96CE72}
	EndProjectSection
EndProject
Project("{8BC9CEB8-8B4A-11D0-8D11-00A0C91BC942}") = "cs104_redundancy_server", "examples\cs104_redundancy_server\cs104_redundancy_server.vcxproj", "{85263919-5DAD-38D9-8750-A36275EFAD34}"
	ProjectSection(ProjectDependencies) = postProject
		{2A52E755-6FC9-397D-80FA-635E298924F7} = {2A52E755-6FC9-397D-80FA-635E298924F7}
		{7B75DD8E-B40D-39AA-B2F7-763C7E96CE72} = {7B75DD8E-B40D-39AA-B2F7-763C7E96CE72}
	EndProjectSection
EndProject
Project("{8BC9CEB8-8B4A-11D0-8D11-00A0C91BC942}") = "cs104_server", "examples\cs104_server\cs104_server.vcxproj", "{DAA7AA20-99EA-305C-8AF5-9AA433C8AAC5}"
	ProjectSection(ProjectDependencies) = postProject
		{2A52E755-6FC9-397D-80FA-635E298924F7} = {2A52E755-6FC9-397D-80FA-635E298924F7}
		{7B75DD8E-B40D-39AA-B2F7-763C7E96CE72} = {7B75DD8E-B40D-39AA-B2F7-763C7E96CE72}
	EndProjectSection
EndProject
Project("{8BC9CEB8-8B4A-11D0-8D11-00A0C91BC942}") = "cs104_server_files", "examples\cs104_server_files\cs104_server_files.vcxproj", "{05F89F8C-CEEB-34D8-9814-821E3504B1F7}"
	ProjectSection(ProjectDependencies) = postProject
		{2A52E755-6FC9-397D-80FA-635E298924F7} = {2A52E755-6FC9-397D-80FA-635E298924F7}
		{7B75DD8E-B40D-39AA-B2F7-763C7E96CE72} = {7B75DD8E-B40D-39AA-B2F7-763C7E96CE72}
	EndProjectSection
EndProject
Project("{8BC9CEB8-8B4A-11D0-8D11-00A0C91BC942}") = "cs104_server_no_threads", "examples\cs104_server_no_threads\cs104_server_no_threads.vcxproj", "{6DA631B4-D4C1-3694-B0F0-9CB5B1639AE7}"
	ProjectSection(ProjectDependencies) = postProject
		{2A52E755-6FC9-397D-80FA-635E298924F7} = {2A52E755-6FC9-397D-80FA-635E298924F7}
		{7B75DD8E-B40D-39AA-B2F7-763C7E96CE72} = {7B75DD8E-B40D-39AA-B2F7-763C7E96CE72}
	EndProjectSection
EndProject
Project("{8BC9CEB8-8B4A-11D0-8D11-00A0C91BC942}") = "lib60870", "src\lib60870.vcxproj", "{7B75DD8E-B40D-39AA-B2F7-763C7E96CE72}"
	ProjectSection(ProjectDependencies) = postProject
		{2A52E755-6FC9-397D-80FA-635E298924F7} = {2A52E755-6FC9-397D-80FA-635E298924F7}
	EndProjectSection
EndProject
Project("{8BC9CEB8-8B4A-11D0-8D11-00A0C91BC942}") = "lib60870-shared", "src\lib60870-shared.vcxproj", "{E60E7588-70DB-3CB1-B224-376DE5FBE47E}"
	ProjectSection(ProjectDependencies) = postProject
		{2A52E755-6FC9-397D-80FA-635E298924F7} = {2A52E755-6FC9-397D-80FA-635E298924F7}
	EndProjectSection
EndProject
Project("{8BC9CEB8-8B4A-11D0-8D11-00A0C91BC942}") = "multi_client_server", "examples\multi_client_server\multi_client_server.vcxproj", "{9AA62D41-D1A9-3BE2-8213-C18B4F258AF1}"
	ProjectSection(ProjectDependencies) = postProject
		{2A52E755-6FC9-397D-80FA-635E298924F7} = {2A52E755-6FC9-397D-80FA-635E298924F7}
		{7B75DD8E-B40D-39AA-B2F7-763C7E96CE72} = {7B75DD8E-B40D-39AA-B2F7-763C7E96CE72}
	EndProjectSection
EndProject
Project("{8BC9CEB8-8B4A-11D0-8D11-00A0C91BC942}") = "simple_client", "examples\cs104_client\simple_client.vcxproj", "{87C17E8D-4A51-3F95-BDBD-0A4390DAAD48}"
	ProjectSection(ProjectDependencies) = postProject
		{2A52E755-6FC9-397D-80FA-635E298924F7} = {2A52E755-6FC9-397D-80FA-635E298924F7}
		{7B75DD8E-B40D-39AA-B2F7-763C7E96CE72} = {7B75DD8E-B40D-39AA-B2F7-763C7E96CE72}
	EndProjectSection
EndProject
Project("{8BC9CEB8-8B4A-11D0-8D11-00A0C91BC942}") = "tests", "tests\tests.vcxproj", "{7229D8E0-3741-3D08-BC7E-021D7523AEE4}"
	ProjectSection(ProjectDependencies) = postProject
		{2A52E755-6FC9-397D-80FA-635E298924F7} = {2A52E755-6FC9-397D-80FA-635E298924F7}
		{7B75DD8E-B40D-39AA-B2F7-763C7E96CE72} = {7B75DD8E-B40D-39AA-B2F7-763C7E96CE72}
		{E60E7588-70DB-3CB1-B224-376DE5FBE47E} = {E60E7588-70DB-3CB1-B224-376DE5FBE47E}
	EndProjectSection
EndProject
Project("{8BC9CEB8-8B4A-11D0-8D11-00A0C91BC942}") = "tls_client", "examples\tls_client\tls_client.vcxproj", "{C7A34F4C-0A92-31A3-A3D0-A0F6B4C38731}"
	ProjectSection(ProjectDependencies) = postProject
		{2A52E755-6FC9-397D-80FA-635E298924F7} = {2A52E755-6FC9-397D-80FA-635E298924F7}
		{7B75DD8E-B40D-39AA-B2F7-763C7E96CE72} = {7B75DD8E-B40D-39AA-B2F7-763C7E96CE72}
	EndProjectSection
EndProject
Project("{8BC9CEB8-8B4A-11D0-8D11-00A0C91BC942}") = "tls_server", "examples\tls_server\tls_server.vcxproj", "{96ED71D5-7A10-3FA4-A64D-62BCAB0AEE5D}"
	ProjectSection(ProjectDependencies) = postProject
		{2A52E755-6FC9-397D-80FA-635E298924F7} = {2A52E755-6FC9-397D-80FA-635E298924F7}
		{7B75DD8E-B40D-39AA-B2F7-763C7E96CE72} = {7B75DD8E-B40D-39AA-B2F7-763C7E96CE72}
	EndProjectSection
EndProject
Global
	GlobalSection(SolutionConfigurationPlatforms) = preSolution
		Debug|x64 = Debug|x64
		Release|x64 = Release|x64
		MinSizeRel|x64 = MinSizeRel|x64
		RelWithDebInfo|x64 = RelWithDebInfo|x64
	EndGlobalSection
	GlobalSection(ProjectConfigurationPlatforms) = postSolution
		{D55B6CE9-CBCA-3176-BF1A-B6CBFDE96669}.Debug|x64.ActiveCfg = Debug|x64
		{D55B6CE9-CBCA-3176-BF1A-B6CBFDE96669}.Debug|x64.Build.0 = Debug|x64
		{D55B6CE9-CBCA-3176-BF1A-B6CBFDE96669}.Release|x64.ActiveCfg = Release|x64
		{D55B6CE9-CBCA-3176-BF1A-B6CBFDE96669}.Release|x64.Build.0 = Release|x64
		{D55B6CE9-CBCA-3176-BF1A-B6CBFDE96669}.MinSizeRel|x64.ActiveCfg = MinSizeRel|x64
		{D55B6CE9-CBCA-3176-BF1A-B6CBFDE96669}.MinSizeRel|x64.Build.0 = MinSizeRel|x64
		{D55B6CE9-CBCA-3176-BF1A-B6CBFDE96669}.RelWithDebInfo|x64.ActiveCfg = RelWithDebInfo|x64
		{D55B6CE9-CBCA-3176-BF1A-B6CBFDE96669}.RelWithDebInfo|x64.Build.0 = RelWithDebInfo|x64
		{6B9ACF7B-463B-3ABC-97FA-557ED38762A7}.Debug|x64.ActiveCfg = Debug|x64
		{6B9ACF7B-463B-3ABC-97FA-557ED38762A7}.Release|x64.ActiveCfg = Release|x64
		{6B9ACF7B-463B-3ABC-97FA-557ED38762A7}.MinSizeRel|x64.ActiveCfg = MinSizeRel|x64
		{6B9ACF7B-463B-3ABC-97FA-557ED38762A7}.RelWithDebInfo|x64.ActiveCfg = RelWithDebInfo|x64
		{AE581A83-831A-33CB-A7B9-99E20DA75ED2}.Debug|x64.ActiveCfg = Debug|x64
		{AE581A83-831A-33CB-A7B9-99E20DA75ED2}.Release|x64.ActiveCfg = Release|x64
		{AE581A83-831A-33CB-A7B9-99E20DA75ED2}.MinSizeRel|x64.ActiveCfg = MinSizeRel|x64
		{AE581A83-831A-33CB-A7B9-99E20DA75ED2}.RelWithDebInfo|x64.ActiveCfg = RelWithDebInfo|x64
		{AAB83864-DA5F-35E1-974F-BDC9F310C785}.Debug|x64.ActiveCfg = Debug|x64
		{AAB83864-DA5F-35E1-974F-BDC9F310C785}.Release|x64.ActiveCfg = Release|x64
		{AAB83864-DA5F-35E1-974F-BDC9F310C785}.MinSizeRel|x64.ActiveCfg = MinSizeRel|x64
		{AAB83864-DA5F-35E1-974F-BDC9F310C785}.RelWithDebInfo|x64.ActiveCfg = RelWithDebInfo|x64
		{2A52E755-6FC9-397D-80FA-635E298924F7}.Debug|x64.ActiveCfg = Debug|x64
		{2A52E755-6FC9-397D-80FA-635E298924F7}.Debug|x64.Build.0 = Debug|x64
		{2A52E755-6FC9-397D-80FA-635E298924F7}.Release|x64.ActiveCfg = Release|x64
		{2A52E755-6FC9-397D-80FA-635E298924F7}.Release|x64.Build.0 = Release|x64
		{2A52E755-6FC9-397D-80FA-635E298924F7}.MinSizeRel|x64.ActiveCfg = MinSizeRel|x64
		{2A52E755-6FC9-397D-80FA-635E298924F7}.MinSizeRel|x64.Build.0 = MinSizeRel|x64
		{2A52E755-6FC9-397D-80FA-635E298924F7}.RelWithDebInfo|x64.ActiveCfg = RelWithDebInfo|x64
		{2A52E755-6FC9-397D-80FA-635E298924F7}.RelWithDebInfo|x64.Build.0 = RelWithDebInfo|x64
		{1B2D74E0-5B8A-3FB7-A963-2807F88AD5DD}.Debug|x64.ActiveCfg = Debug|x64
		{1B2D74E0-5B8A-3FB7-A963-2807F88AD5DD}.Debug|x64.Build.0 = Debug|x64
		{1B2D74E0-5B8A-3FB7-A963-2807F88AD5DD}.Release|x64.ActiveCfg = Release|x64
		{1B2D74E0-5B8A-3FB7-A963-2807F88AD5DD}.Release|x64.Build.0 = Release|x64
		{1B2D74E0-5B8A-3FB7-A963-2807F88AD5DD}.MinSizeRel|x64.ActiveCfg = MinSizeRel|x64
		{1B2D74E0-5B8A-3FB7-A963-2807F88AD5DD}.MinSizeRel|x64.Build.0 = MinSizeRel|x64
		{1B2D74E0-5B8A-3FB7-A963-2807F88AD5DD}.RelWithDebInfo|x64.ActiveCfg = RelWithDebInfo|x64
		{1B2D74E0-5B8A-3FB7-A963-2807F88AD5DD}.RelWithDebInfo|x64.Build.0 = RelWithDebInfo|x64
		{EAB95EA6-F2F6-3C1F-8C05-4B1CDEAA285F}.Debug|x64.ActiveCfg = Debug|x64
		{EAB95EA6-F2F6-3C1F-8C05-4B1CDEAA285F}.Debug|x64.Build.0 = Debug|x64
		{EAB95EA6-F2F6-3C1F-8C05-4B1CDEAA285F}.Release|x64.ActiveCfg = Release|x64
		{EAB95EA6-F2F6-3C1F-8C05-4B1CDEAA285F}.Release|x64.Build.0 = Release|x64
		{EAB95EA6-F2F6-3C1F-8C05-4B1CDEAA285F}.MinSizeRel|x64.ActiveCfg = MinSizeRel|x64
		{EAB95EA6-F2F6-3C1F-8C05-4B1CDEAA285F}.MinSizeRel|x64.Build.0 = MinSizeRel|x64
		{EAB95EA6-F2F6-3C1F-8C05-4B1CDEAA285F}.RelWithDebInfo|x64.ActiveCfg = RelWithDebInfo|x64
		{EAB95EA6-F2F6-3C1F-8C05-4B1CDEAA285F}.RelWithDebInfo|x64.Build.0 = RelWithDebInfo|x64
		{50BD72BA-D875-3D9B-A7D1-AAE627237EFD}.Debug|x64.ActiveCfg = Debug|x64
		{50BD72BA-D875-3D9B-A7D1-AAE627237EFD}.Debug|x64.Build.0 = Debug|x64
		{50BD72BA-D875-3D9B-A7D1-AAE627237EFD}.Release|x64.ActiveCfg = Release|x64
		{50BD72BA-D875-3D9B-A7D1-AAE627237EFD}.Release|x64.Build.0 = Release|x64
		{50BD72BA-D875-3D9B-A7D1-AAE627237EFD}.MinSizeRel|x64.ActiveCfg = MinSizeRel|x64
		{50BD72BA-D875-3D9B-A7D1-AAE627237EFD}.MinSizeRel|x64.Build.0 = MinSizeRel|x64
		{50BD72BA-D875-3D9B-A7D1-AAE627237EFD}.RelWithDebInfo|x64.ActiveCfg = RelWithDebInfo|x64
		{50BD72BA-D875-3D9B-A7D1-AAE627237EFD}.RelWithDebInfo|x64.Build.0 = RelWithDebInfo|x64
		{AFBB4CF5-F913-3BF0-A48B-D1734D85D0E5}.Debug|x64.ActiveCfg = Debug|x64
		{AFBB4CF5-F913-3BF0-A48B-D1734D85D0E5}.Debug|x64.Build.0 = Debug|x64
		{AFBB4CF5-F913-3BF0-A48B-D1734D85D0E5}.Release|x64.ActiveCfg = Release|x64
		{AFBB4CF5-F913-3BF0-A48B-D1734D85D0E5}.Release|x64.Build.0 = Release|x64
		{AFBB4CF5-F913-3BF0-A48B-D1734D85D0E5}.MinSizeRel|x64.ActiveCfg = MinSizeRel|x64
		{AFBB4CF5-F913-3BF0-A48B-D1734D85D0E5}.MinSizeRel|x64.Build.0 = MinSizeRel|x64
		{AFBB4CF5-F913-3BF0-A48B-D1734D85D0E5}.RelWithDebInfo|x64.ActiveCfg = RelWithDebInfo|x64
		{AFBB4CF5-F913-3BF0-A48B-D1734D85D0E5}.RelWithDebInfo|x64.Build.0 = RelWithDebInfo|x64
		{E2135F25-D4AA-3779-AD02-081603F50878}.Debug|x64.ActiveCfg = Debug|x64
		{E2135F25-D4AA-3779-AD02-081603F50878}.Debug|x64.Build.0 = Debug|x64
		{E2135F25-D4AA-3779-AD02-081603F50878}.Release|x64.ActiveCfg = Release|x64
		{E2135F25-D4AA-3779-AD02-081603F50878}.Release|x64.Build.0 = Release|x64
		{E2135F25-D4AA-3779-AD02-081603F50878}.MinSizeRel|x64.ActiveCfg = MinSizeRel|x64
		{E2135F25-D4AA-3779-AD02-081603F50878}.MinSizeRel|x64.Build.0 = MinSizeRel|x64
		{E2135F25-D4AA-3779-AD02-081603F50878}.RelWithDebInfo|x64.ActiveCfg = RelWithDebInfo|x64
		{E2135F25-D4AA-3779-AD02-081603F50878}.RelWithDebInfo|x64.Build.0 = RelWithDebInfo|x64
		{85263919-5DAD-38D9-8750-A36275EFAD34}.Debug|x64.ActiveCfg = Debug|x64
		{85263919-5DAD-38D9-8750-A36275EFAD34}.Debug|x64.Build.0 = Debug|x64
		{85263919-5DAD-38D9-8750-A36275EFAD34}.Release|x64.ActiveCfg = Release|x64
		{85263919-5DAD-38D9-8750-A36275EFAD34}.Release|x64.Build.0 = Release|x64
		{85263919-5DAD-38D9-8750-A36275EFAD34}.MinSizeRel|x64.ActiveCfg = MinSizeRel|x64
		{85263919-5DAD-38D9-8750-A36275EFAD34}.MinSizeRel|x64.Build.0 = MinSizeRel|x64
		{85263919-5DAD-38D9-8750-A36275EFAD34}.RelWithDebInfo|x64.ActiveCfg = RelWithDebInfo|x64
		{85263919-5DAD-38D9-8750-A36275EFAD34}.RelWithDebInfo|x64.Build.0 = RelWithDebInfo|x64
		{DAA7AA20-99EA-305C-8AF5-9AA433C8AAC5}.Debug|x64.ActiveCfg = Debug|x64
		{DAA7AA20-99EA-305C-8AF5-9AA433C8AAC5}.Debug|x64.Build.0 = Debug|x64
		{DAA7AA20-99EA-305C-8AF5-9AA433C8AAC5}.Release|x64.ActiveCfg = Release|x64
		{DAA7AA20-99EA-305C-8AF5-9AA433C8AAC5}.Release|x64.Build.0 = Release|x64
		{DAA7AA20-99EA-305C-8AF5-9AA433C8AAC5}.MinSizeRel|x64.ActiveCfg = MinSizeRel|x64
		{DAA7AA20-99EA-305C-8AF5-9AA433C8AAC5}.MinSizeRel|x64.Build.0 = MinSizeRel|x64
		{DAA7AA20-99EA-305C-8AF5-9AA433C8AAC5}.RelWithDebInfo|x64.ActiveCfg = RelWithDebInfo|x64
		{DAA7AA20-99EA-305C-8AF5-9AA433C8AAC5}.RelWithDebInfo|x64.Build.0 = RelWithDebInfo|x64
		{05F89F8C-CEEB-34D8-9814-821E3504B1F7}.Debug|x64.ActiveCfg = Debug|x64
		{05F89F8C-CEEB-34D8-9814-821E3504B1F7}.Debug|x64.Build.0 = Debug|x64
		{05F89F8C-CEEB-34D8-9814-821E3504B1F7}.Release|x64.ActiveCfg = Release|x64
		{05F89F8C-CEEB-34D8-9814-821E3504B1F7}.Release|x64.Build.0 = Release|x64
		{05F89F8C-CEEB-34D8-9814-821E3504B1F7}.MinSizeRel|x64.ActiveCfg = MinSizeRel|x64
		{05F89F8C-CEEB-34D8-9814-821E3504B1F7}.MinSizeRel|x64.Build.0 = MinSizeRel|x64
		{05F89F8C-CEEB-34D8-9814-821E3504B1F7}.RelWithDebInfo|x64.ActiveCfg = RelWithDebInfo|x64
		{05F89F8C-CEEB-34D8-9814-821E3504B1F7}.RelWithDebInfo|x64.Build.0 = RelWithDebInfo|x64
		{6DA631B4-D4C1-3694-B0F0-9CB5B1639AE7}.Debug|x64.ActiveCfg = Debug|x64
		{6DA631B4-D4C1-3694-B0F0-9CB5B1639AE7}.Debug|x64.Build.0 = Debug|x64
		{6DA631B4-D4C1-3694-B0F0-9CB5B1639AE7}.Release|x64.ActiveCfg = Release|x64
		{6DA631B4-D4C1-3694-B0F0-9CB5B1639AE7}.Release|x64.Build.0 = Release|x64
		{6DA631B4-D4C1-3694-B0F0-9CB5B1639AE7}.MinSizeRel|x64.ActiveCfg = MinSizeRel|x64
		{6DA631B4-D4C1-3694-B0F0-9CB5B1639AE7}.MinSizeRel|x64.Build.0 = MinSizeRel|x64
		{6DA631B4-D4C1-3694-B0F0-9CB5B1639AE7}.RelWithDebInfo|x64.ActiveCfg = RelWithDebInfo|x64
		{6DA631B4-D4C1-3694-B0F0-9CB5B1639AE7}.RelWithDebInfo|x64.Build.0 = RelWithDebInfo|x64
		{7B75DD8E-B40D-39AA-B2F7-763C7E96CE72}.Debug|x64.ActiveCfg = Debug|x64
		{7B75DD8E-B40D-39AA-B2F7-763C7E96CE72}.Debug|x64.Build.0 = Debug|x64
		{7B75DD8E-B40D-39AA-B2F7-763C7E96CE72}.Release|x64.ActiveCfg = Release|x64
		{7B75DD8E-B40D-39AA-B2F7-763C7E96CE72}.Release|x64.Build.0 = Release|x64
		{7B75DD8E-B40D-39AA-B2F7-763C7E96CE72}.MinSizeRel|x64.ActiveCfg = MinSizeRel|x64
		{7B75DD8E-B40D-39AA-B2F7-763C7E96CE72}.MinSizeRel|x64.Build.0 = MinSizeRel|x64
		{7B75DD8E-B40D-39AA-B2F7-763C7E96CE72}.RelWithDebInfo|x64.ActiveCfg = RelWithDebInfo|x64
		{7B75DD8E-B40D-39AA-B2F7-763C7E96CE72}.RelWithDebInfo|x64.Build.0 = RelWithDebInfo|x64
		{E60E7588-70DB-3CB1-B224-376DE5FBE47E}.Debug|x64.ActiveCfg = Debug|x64
		{E60E7588-70DB-3CB1-B224-376DE5FBE47E}.Debug|x64.Build.0 = Debug|x64
		{E60E7588-70DB-3CB1-B224-376DE5FBE47E}.Release|x64.ActiveCfg = Release|x64
		{E60E7588-70DB-3CB1-B224-376DE5FBE47E}.Release|x64.Build.0 = Release|x64
		{E60E7588-70DB-3CB1-B224-376DE5FBE47E}.MinSizeRel|x64.ActiveCfg = MinSizeRel|x64
		{E60E7588-70DB-3CB1-B224-376DE5FBE47E}.MinSizeRel|x64.Build.0 = MinSizeRel|x64
		{E60E7588-70DB-3CB1-B224-376DE5FBE47E}.RelWithDebInfo|x64.ActiveCfg = RelWithDebInfo|x64
		{E60E7588-70DB-3CB1-B224-376DE5FBE47E}.RelWithDebInfo|x64.Build.0 = RelWithDebInfo|x64
		{9AA62D41-D1A9-3BE2-8213-C18B4F258AF1}.Debug|x64.ActiveCfg = Debug|x64
		{9AA62D41-D1A9-3BE2-8213-C18B4F258AF1}.Debug|x64.Build.0 = Debug|x64
		{9AA62D41-D1A9-3BE2-8213-C18B4F258AF1}.Release|x64.ActiveCfg = Release|x64
		{9AA62D41-D1A9-3BE2-8213-C18B4F258AF1}.Release|x64.Build.0 = Release|x64
		{9AA62D41-D1A9-3BE2-8213-C18B4F258AF1}.MinSizeRel|x64.ActiveCfg = MinSizeRel|x64
		{9AA62D41-D1A9-3BE2-8213-C18B4F258AF1}.MinSizeRel|x64.Build.0 = MinSizeRel|x64
		{9AA62D41-D1A9-3BE2-8213-C18B4F258AF1}.RelWithDebInfo|x64.ActiveCfg = RelWithDebInfo|x64
		{9AA62D41-D1A9-3BE2-8213-C18B4F258AF1}.RelWithDebInfo|x64.Build.0 = RelWithDebInfo|x64
		{87C17E8D-4A51-3F95-BDBD-0A4390DAAD48}.Debug|x64.ActiveCfg = Debug|x64
		{87C17E8D-4A51-3F95-BDBD-0A4390DAAD48}.Debug|x64.Build.0 = Debug|x64
		{87C17E8D-4A51-3F95-BDBD-0A4390DAAD48}.Release|x64.ActiveCfg = Release|x64
		{87C17E8D-4A51-3F95-BDBD-0A4390DAAD48}.Release|x64.Build.0 = Release|x64
		{87C17E8D-4A51-3F95-BDBD-0A4390DAAD48}.MinSizeRel|x64.ActiveCfg = MinSizeRel|x64
		{87C17E8D-4A51-3F95-BDBD-0A4390DAAD48}.MinSizeRel|x64.Build.0 = MinSizeRel|x64
		{87C17E8D-4A51-3F95-BDBD-0A4390DAAD48}.RelWithDebInfo|x64.ActiveCfg = RelWithDebInfo|x64
		{87C17E8D-4A51-3F95-BDBD-0A4390DAAD48}.RelWithDebInfo|x64.Build.0 = RelWithDebInfo|x64
		{7229D8E0-3741-3D08-BC7E-021D7523AEE4}.Debug|x64.ActiveCfg = Debug|x64
		{7229D8E0-3741-3D08-BC7E-021D7523AEE4}.Debug|x64.Build.0 = Debug|x64
		{7229D8E0-3741-3D08-BC7E-021D7523AEE4}.Release|x64.ActiveCfg = Release|x64
		{7229D8E0-3741-3D08-BC7E-021D7523AEE4}.Release|x64.Build.0 = Release|x64
		{7229D8E0-3741-3D08-BC7E-021D7523AEE4}.MinSizeRel|x64.ActiveCfg = MinSizeRel|x64
		{7229D8E0-3741-3D08-BC7E-021D7523AEE4}.MinSizeRel|x64.Build.0 = MinSizeRel|x64
		{7229D8E0-3741-3D08-BC7E-021D7523AEE4}.RelWithDebInfo|x64.ActiveCfg = RelWithDebInfo|x64
		{7229D8E0-3741-3D08-BC7E-021D7523AEE4}.RelWithDebInfo|x64.Build.0 = RelWithDebInfo|x64
		{C7A34F4C-0A92-31A3-A3D0-A0F6B4C38731}.Debug|x64.ActiveCfg = Debug|x64
		{C7A34F4C-0A92-31A3-A3D0-A0F6B4C38731}.Debug|x64.Build.0 = Debug|x64
		{C7A34F4C-0A92-31A3-A3D0-A0F6B4C38731}.Release|x64.ActiveCfg = Release|x64
		{C7A34F4C-0A92-31A3-A3D0-A0F6B4C38731}.Release|x64.Build.0 = Release|x64
		{C7A34F4C-0A92-31A3-A3D0-A0F6B4C38731}.MinSizeRel|x64.ActiveCfg = MinSizeRel|x64
		{C7A34F4C-0A92-31A3-A3D0-A0F6B4C38731}.MinSizeRel|x64.Build.0 = MinSizeRel|x64
		{C7A34F4C-0A92-31A3-A3D0-A0F6B4C38731}.RelWithDebInfo|x64.ActiveCfg = RelWithDebInfo|x64
		{C7A34F4C-0A92-31A3-A3D0-A0F6B4C38731}.RelWithDebInfo|x64.Build.0 = RelWithDebInfo|x64
		{96ED71D5-7A10-3FA4-A64D-62BCAB0AEE5D}.Debug|x64.ActiveCfg = Debug|x64
		{96ED71D5-7A10-3FA4-A64D-62BCAB0AEE5D}.Debug|x64.Build.0 = Debug|x64
		{96ED71D5-7A10-3FA4-A64D-62BCAB0AEE5D}.Release|x64.ActiveCfg = Release|x64
		{96ED71D5-7A10-3FA4-A64D-62BCAB0AEE5D}.Release|x64.Build.0 = Release|x64
		{96ED71D5-7A10-3FA4-A64D-62BCAB0AEE5D}.MinSizeRel|x64.ActiveCfg = MinSizeRel|x64
		{96ED71D5-7A10-3FA4-A64D-62BCAB0AEE5D}.MinSizeRel|x64.Build.0 = MinSizeRel|x64
		{96ED71D5-7A10-3FA4-A64D-62BCAB0AEE5D}.RelWithDebInfo|x64.ActiveCfg = RelWithDebInfo|x64
		{96ED71D5-7A10-3FA4-A64D-62BCAB0AEE5D}.RelWithDebInfo|x64.Build.0 = RelWithDebInfo|x64
	EndGlobalSection
	GlobalSection(ExtensibilityGlobals) = postSolution
		SolutionGuid = {4D16384E-D183-3596-9047-C8E010A46A66}
	EndGlobalSection
	GlobalSection(ExtensibilityAddIns) = postSolution
	EndGlobalSection
EndGlobal
