<?xml version="1.0" encoding="utf-8"?>
<Project ToolsVersion="17.0" xmlns="http://schemas.microsoft.com/developer/msbuild/2003">
  <ItemGroup>
    <CustomBuild Include="C:\Users\z005653n\Desktop\lib60870\lib60870-C\CMakeFiles\219525e66d6fc0826ba5cc75218d557d\INSTALL_force.rule">
      <Filter>CMake Rules</Filter>
    </CustomBuild>
  </ItemGroup>
  <ItemGroup>
    <Filter Include="CMake Rules">
      <UniqueIdentifier>{D89F3D4C-711C-3635-B40B-31E0AD5760D6}</UniqueIdentifier>
    </Filter>
  </ItemGroup>
</Project>
